
Microsoft Visual Studio Solution File, Format Version 12.00
# Visual Studio Version 17
VisualStudioVersion = 17.9.34902.65
MinimumVisualStudioVersion = 10.0.40219.1
Project("{FAE04EC0-301F-11D3-BF4B-00C04F79EFBC}") = "ProjLab6V2", "ProjLab6V2\ProjLab6V2.csproj", "{6C24594E-1A73-45C5-A892-B496E8AB5081}"
EndProject
Global
	GlobalSection(SolutionConfigurationPlatforms) = preSolution
		Debug|Any CPU = Debug|Any CPU
		Release|Any CPU = Release|Any CPU
	EndGlobalSection
	GlobalSection(ProjectConfigurationPlatforms) = postSolution
		{6C24594E-1A73-45C5-A892-B496E8AB5081}.Debug|Any CPU.ActiveCfg = Debug|Any CPU
		{6C24594E-1A73-45C5-A892-B496E8AB5081}.Debug|Any CPU.Build.0 = Debug|Any CPU
		{6C24594E-1A73-45C5-A892-B496E8AB5081}.Release|Any CPU.ActiveCfg = Release|Any CPU
		{6C24594E-1A73-45C5-A892-B496E8AB5081}.Release|Any CPU.Build.0 = Release|Any CPU
	EndGlobalSection
	GlobalSection(SolutionProperties) = preSolution
		HideSolutionNode = FALSE
	EndGlobalSection
	GlobalSection(ExtensibilityGlobals) = postSolution
		SolutionGuid = {A5CEE1AB-39BA-49CB-A989-F67FC0A1955F}
	EndGlobalSection
EndGlobal
